# This file is automatically @generated by Poetry 2.1.3 and should not be changed by hand.

[[package]]
name = "asgiref"
version = "3.11.0"
description = "ASGI specs, helper code, and adapters"
optional = false
python-versions = ">=3.9"
groups = ["main"]
files = [
    {file = "asgiref-3.11.0-py3-none-any.whl", hash = "sha256:1db9021efadb0d9512ce8ffaf72fcef601c7b73a8807a1bb2ef143dc6b14846d"},
    {file = "asgiref-3.11.0.tar.gz", hash = "sha256:13acff32519542a1736223fb79a715acdebe24286d98e8b164a73085f40da2c4"},
]

[package.extras]
tests = ["mypy (>=1.14.0)", "pytest", "pytest-asyncio"]

[[package]]
name = "django"
version = "6.0.1"
description = "A high-level Python web framework that encourages rapid development and clean, pragmatic design."
optional = false
python-versions = ">=3.12"
groups = ["main"]
files = [
    {file = "django-6.0.1-py3-none-any.whl", hash = "sha256:a92a4ff14f664a896f9849009cb8afaca7abe0d6fc53325f3d1895a15253433d"},
    {file = "django-6.0.1.tar.gz", hash = "sha256:ed76a7af4da21551573b3d9dfc1f53e20dd2e6c7d70a3adc93eedb6338130a5f"},
]

[package.dependencies]
asgiref = ">=3.9.1"
sqlparse = ">=0.5.0"
tzdata = {version = "*", markers = "sys_platform == \"win32\""}

[package.extras]
argon2 = ["argon2-cffi (>=23.1.0)"]
bcrypt = ["bcrypt (>=4.1.1)"]

[[package]]
name = "django-stubs"
version = "5.2.9"
description = "Mypy stubs for Django"
optional = false
python-versions = ">=3.10"
groups = ["main"]
files = [
    {file = "django_stubs-5.2.9-py3-none-any.whl", hash = "sha256:2317a7130afdaa76f6ff7f623650d7f3bf1b6c86a60f95840e14e6ec6de1a7cd"},
    {file = "django_stubs-5.2.9.tar.gz", hash = "sha256:c192257120b08785cfe6f2f1c91f1797aceae8e9daa689c336e52c91e8f6a493"},
]

[package.dependencies]
django = "*"
django-stubs-ext = ">=5.2.9"
types-pyyaml = "*"
typing-extensions = ">=4.11.0"

[package.extras]
compatible-mypy = ["mypy (>=1.13,<1.20)"]
oracle = ["oracledb"]
redis = ["redis", "types-redis"]

[[package]]
name = "django-stubs-ext"
version = "5.2.9"
description = "Monkey-patching and extensions for django-stubs"
optional = false
python-versions = ">=3.10"
groups = ["main"]
files = [
    {file = "django_stubs_ext-5.2.9-py3-none-any.whl", hash = "sha256:230c51575551b0165be40177f0f6805f1e3ebf799b835c85f5d64c371ca6cf71"},
    {file = "django_stubs_ext-5.2.9.tar.gz", hash = "sha256:6db4054d1580657b979b7d391474719f1a978773e66c7070a5e246cd445a25a9"},
]

[package.dependencies]
django = "*"
typing-extensions = "*"

[[package]]
name = "sqlparse"
version = "0.5.5"
description = "A non-validating SQL parser."
optional = false
python-versions = ">=3.8"
groups = ["main"]
files = [
    {file = "sqlparse-0.5.5-py3-none-any.whl", hash = "sha256:12a08b3bf3eec877c519589833aed092e2444e68240a3577e8e26148acc7b1ba"},
    {file = "sqlparse-0.5.5.tar.gz", hash = "sha256:e20d4a9b0b8585fdf63b10d30066c7c94c5d7a7ec47c889a2d83a3caa93ff28e"},
]

[package.extras]
dev = ["build"]
doc = ["sphinx"]

[[package]]
name = "types-pyyaml"
version = "6.0.12.20250915"
description = "Typing stubs for PyYAML"
optional = false
python-versions = ">=3.9"
groups = ["main"]
files = [
    {file = "types_pyyaml-6.0.12.20250915-py3-none-any.whl", hash = "sha256:e7d4d9e064e89a3b3cae120b4990cd370874d2bf12fa5f46c97018dd5d3c9ab6"},
    {file = "types_pyyaml-6.0.12.20250915.tar.gz", hash = "sha256:0f8b54a528c303f0e6f7165687dd33fafa81c807fcac23f632b63aa624ced1d3"},
]

[[package]]
name = "typing-extensions"
version = "4.15.0"
description = "Backported and Experimental Type Hints for Python 3.9+"
optional = false
python-versions = ">=3.9"
groups = ["main"]
files = [
    {file = "typing_extensions-4.15.0-py3-none-any.whl", hash = "sha256:f0fa19c6845758ab08074a0cfa8b7aecb71c999ca73d62883bc25cc018c4e548"},
    {file = "typing_extensions-4.15.0.tar.gz", hash = "sha256:0cea48d173cc12fa28ecabc3b837ea3cf6f38c6d1136f85cbaaf598984861466"},
]

[[package]]
name = "tzdata"
version = "2025.3"
description = "Provider of IANA time zone data"
optional = false
python-versions = ">=2"
groups = ["main"]
markers = "sys_platform == \"win32\""
files = [
    {file = "tzdata-2025.3-py2.py3-none-any.whl", hash = "sha256:06a47e5700f3081aab02b2e513160914ff0694bce9947d6b76ebd6bf57cfc5d1"},
    {file = "tzdata-2025.3.tar.gz", hash = "sha256:de39c2ca5dc7b0344f2eba86f49d614019d29f060fc4ebc8a417896a620b56a7"},
]

[metadata]
lock-version = "2.1"
python-versions = ">=3.12"
content-hash = "0ac840f5c8834c09feded9294251bd38ae8205f620b1aea7ace051fd543e44f7"
